{
  "version": 4,
  "terraform_version": "1.12.1",
  "serial": 3,
  "lineage": "d6bd00bd-3a43-653c-3b54-f89f6500b49d",
  "outputs": {},
  "resources": [
    {
      "mode": "managed",
      "type": "local_file",
      "name": "my_pets",
      "provider": "provider[\"registry.terraform.io/hashicorp/local\"]",
      "instances": [
        {
          "schema_version": 0,
          "attributes": {
            "content": "I like to play with my pets",
            "content_base64": null,
            "content_base64sha256": "up2YbYlhntumYbXiDcrWn4BuI0HYRdGACKyooxp2ylw=",
            "content_base64sha512": "PkSSHIw5FWheCWSJKERMNHp3wmi5HLFYa1wJ+fiQX9F7PTPGPtKzUpjJVv6SolBzGV2h8SPGr3ZB5IpbrVFVQg==",
            "content_md5": "4ea3e64399bce1385698b093d1ce1848",
            "content_sha1": "80208e7e4389a00595a95ca32c64b4debafde422",
            "content_sha256": "ba9d986d89619edba661b5e20dcad69f806e2341d845d18008aca8a31a76ca5c",
            "content_sha512": "3e44921c8c3915685e09648928444c347a77c268b91cb1586b5c09f9f8905fd17b3d33c63ed2b35298c956fe92a25073195da1f123c6af7641e48a5bad515542",
            "directory_permission": "0777",
            "file_permission": "0777",
            "filename": "pets.txt",
            "id": "80208e7e4389a00595a95ca32c64b4debafde422",
            "sensitive_content": null,
            "source": null
          },
          "sensitive_attributes": [
            [
              {
                "type": "get_attr",
                "value": "sensitive_content"
              }
            ]
          ],
          "identity_schema_version": 0
        }
      ]
    }
  ],
  "check_results": null
}
